// !$*UTF8*$!
{
	archiveVersion = 1;
	classes = {
	};
	objectVersion = 56;
	objects = {

/* Begin PBXBuildFile section */
		C908C1332B2FC12500E6A41F /* AppDelegate.swift in Sources */ = {isa = PBXBuildFile; fileRef = C908C1322B2FC12500E6A41F /* AppDelegate.swift */; };
		C908C1352B2FC12500E6A41F /* SceneDelegate.swift in Sources */ = {isa = PBXBuildFile; fileRef = C908C1342B2FC12500E6A41F /* SceneDelegate.swift */; };
		C908C13C2B2FC12700E6A41F /* Assets.xcassets in Resources */ = {isa = PBXBuildFile; fileRef = C908C13B2B2FC12700E6A41F /* Assets.xcassets */; };
		C908C13F2B2FC12700E6A41F /* LaunchScreen.storyboard in Resources */ = {isa = PBXBuildFile; fileRef = C908C13D2B2FC12700E6A41F /* LaunchScreen.storyboard */; };
		C908C1472B2FC57100E6A41F /* SearchVC.swift in Sources */ = {isa = PBXBuildFile; fileRef = C908C1462B2FC57100E6A41F /* SearchVC.swift */; };
		C908C1492B2FC59500E6A41F /* FavoritesListVC.swift in Sources */ = {isa = PBXBuildFile; fileRef = C908C1482B2FC59500E6A41F /* FavoritesListVC.swift */; };
		C920FA1F2B309E43007F578B /* GFButton.swift in Sources */ = {isa = PBXBuildFile; fileRef = C920FA1E2B309E43007F578B /* GFButton.swift */; };
		C920FA212B30A1B7007F578B /* GFTextField.swift in Sources */ = {isa = PBXBuildFile; fileRef = C920FA202B30A1B7007F578B /* GFTextField.swift */; };
		C975783C2B35C85A006DDC8D /* Follower.swift in Sources */ = {isa = PBXBuildFile; fileRef = C975783B2B35C85A006DDC8D /* Follower.swift */; };
		C975783E2B35C926006DDC8D /* User.swift in Sources */ = {isa = PBXBuildFile; fileRef = C975783D2B35C926006DDC8D /* User.swift */; };
		C978E0872B30D1B500553D60 /* FollowerListVC.swift in Sources */ = {isa = PBXBuildFile; fileRef = C978E0862B30D1B500553D60 /* FollowerListVC.swift */; };
		C9A7F1242B3207790006F1B7 /* GFTitleLabel.swift in Sources */ = {isa = PBXBuildFile; fileRef = C9A7F1232B3207790006F1B7 /* GFTitleLabel.swift */; };
		C9A7F1262B3214580006F1B7 /* GFBodyLabel.swift in Sources */ = {isa = PBXBuildFile; fileRef = C9A7F1252B3214580006F1B7 /* GFBodyLabel.swift */; };
		C9A7F1282B3214EB0006F1B7 /* GFAlertVC.swift in Sources */ = {isa = PBXBuildFile; fileRef = C9A7F1272B3214EB0006F1B7 /* GFAlertVC.swift */; };
		C9A7F12A2B321B740006F1B7 /* UIViewController+Ext.swift in Sources */ = {isa = PBXBuildFile; fileRef = C9A7F1292B321B740006F1B7 /* UIViewController+Ext.swift */; };
		C9B23DA82B363D5C0045A936 /* GFError.swift in Sources */ = {isa = PBXBuildFile; fileRef = C9B23DA72B363D5C0045A936 /* GFError.swift */; };
		C9E7C6B02B35E03B00DEAD66 /* NetworkManager.swift in Sources */ = {isa = PBXBuildFile; fileRef = C9E7C6AF2B35E03B00DEAD66 /* NetworkManager.swift */; };
/* End PBXBuildFile section */

/* Begin PBXFileReference section */
		C908C12F2B2FC12500E6A41F /* GHFollowers.app */ = {isa = PBXFileReference; explicitFileType = wrapper.application; includeInIndex = 0; path = GHFollowers.app; sourceTree = BUILT_PRODUCTS_DIR; };
		C908C1322B2FC12500E6A41F /* AppDelegate.swift */ = {isa = PBXFileReference; lastKnownFileType = sourcecode.swift; path = AppDelegate.swift; sourceTree = "<group>"; };
		C908C1342B2FC12500E6A41F /* SceneDelegate.swift */ = {isa = PBXFileReference; lastKnownFileType = sourcecode.swift; path = SceneDelegate.swift; sourceTree = "<group>"; };
		C908C13B2B2FC12700E6A41F /* Assets.xcassets */ = {isa = PBXFileReference; lastKnownFileType = folder.assetcatalog; path = Assets.xcassets; sourceTree = "<group>"; };
		C908C13E2B2FC12700E6A41F /* Base */ = {isa = PBXFileReference; lastKnownFileType = file.storyboard; name = Base; path = Base.lproj/LaunchScreen.storyboard; sourceTree = "<group>"; };
		C908C1402B2FC12700E6A41F /* Info.plist */ = {isa = PBXFileReference; lastKnownFileType = text.plist.xml; path = Info.plist; sourceTree = "<group>"; };
		C908C1462B2FC57100E6A41F /* SearchVC.swift */ = {isa = PBXFileReference; lastKnownFileType = sourcecode.swift; path = SearchVC.swift; sourceTree = "<group>"; };
		C908C1482B2FC59500E6A41F /* FavoritesListVC.swift */ = {isa = PBXFileReference; lastKnownFileType = sourcecode.swift; path = FavoritesListVC.swift; sourceTree = "<group>"; };
		C920FA1E2B309E43007F578B /* GFButton.swift */ = {isa = PBXFileReference; lastKnownFileType = sourcecode.swift; path = GFButton.swift; sourceTree = "<group>"; };
		C920FA202B30A1B7007F578B /* GFTextField.swift */ = {isa = PBXFileReference; lastKnownFileType = sourcecode.swift; path = GFTextField.swift; sourceTree = "<group>"; };
		C975783B2B35C85A006DDC8D /* Follower.swift */ = {isa = PBXFileReference; lastKnownFileType = sourcecode.swift; path = Follower.swift; sourceTree = "<group>"; };
		C975783D2B35C926006DDC8D /* User.swift */ = {isa = PBXFileReference; lastKnownFileType = sourcecode.swift; path = User.swift; sourceTree = "<group>"; };
		C978E0862B30D1B500553D60 /* FollowerListVC.swift */ = {isa = PBXFileReference; lastKnownFileType = sourcecode.swift; path = FollowerListVC.swift; sourceTree = "<group>"; };
		C9A7F1232B3207790006F1B7 /* GFTitleLabel.swift */ = {isa = PBXFileReference; lastKnownFileType = sourcecode.swift; path = GFTitleLabel.swift; sourceTree = "<group>"; };
		C9A7F1252B3214580006F1B7 /* GFBodyLabel.swift */ = {isa = PBXFileReference; lastKnownFileType = sourcecode.swift; path = GFBodyLabel.swift; sourceTree = "<group>"; };
		C9A7F1272B3214EB0006F1B7 /* GFAlertVC.swift */ = {isa = PBXFileReference; lastKnownFileType = sourcecode.swift; path = GFAlertVC.swift; sourceTree = "<group>"; };
		C9A7F1292B321B740006F1B7 /* UIViewController+Ext.swift */ = {isa = PBXFileReference; lastKnownFileType = sourcecode.swift; path = "UIViewController+Ext.swift"; sourceTree = "<group>"; };
		C9B23DA72B363D5C0045A936 /* GFError.swift */ = {isa = PBXFileReference; lastKnownFileType = sourcecode.swift; path = GFError.swift; sourceTree = "<group>"; };
		C9E7C6AF2B35E03B00DEAD66 /* NetworkManager.swift */ = {isa = PBXFileReference; lastKnownFileType = sourcecode.swift; path = NetworkManager.swift; sourceTree = "<group>"; };
/* End PBXFileReference section */

/* Begin PBXFrameworksBuildPhase section */
		C908C12C2B2FC12500E6A41F /* Frameworks */ = {
			isa = PBXFrameworksBuildPhase;
			buildActionMask = 2147483647;
			files = (
			);
			runOnlyForDeploymentPostprocessing = 0;
		};
/* End PBXFrameworksBuildPhase section */

/* Begin PBXGroup section */
		C908C1262B2FC12500E6A41F = {
			isa = PBXGroup;
			children = (
				C908C1312B2FC12500E6A41F /* GHFollowers */,
				C908C1302B2FC12500E6A41F /* Products */,
			);
			sourceTree = "<group>";
		};
		C908C1302B2FC12500E6A41F /* Products */ = {
			isa = PBXGroup;
			children = (
				C908C12F2B2FC12500E6A41F /* GHFollowers.app */,
			);
			name = Products;
			sourceTree = "<group>";
		};
		C908C1312B2FC12500E6A41F /* GHFollowers */ = {
			isa = PBXGroup;
			children = (
				C9B23DA62B363D4D0045A936 /* Utils */,
				C9E7C6AE2B35E02E00DEAD66 /* Managers */,
				C975783A2B35C851006DDC8D /* Model */,
				C9E436892B32F7E10057E72B /* Custom Views */,
				C9E436882B32F7950057E72B /* Screens */,
				C9E4368A2B32F80F0057E72B /* Extensions */,
				C908C1402B2FC12700E6A41F /* Info.plist */,
				C908C13B2B2FC12700E6A41F /* Assets.xcassets */,
				C908C13D2B2FC12700E6A41F /* LaunchScreen.storyboard */,
				C908C1322B2FC12500E6A41F /* AppDelegate.swift */,
				C908C1342B2FC12500E6A41F /* SceneDelegate.swift */,
			);
			path = GHFollowers;
			sourceTree = "<group>";
		};
		C975783A2B35C851006DDC8D /* Model */ = {
			isa = PBXGroup;
			children = (
				C975783B2B35C85A006DDC8D /* Follower.swift */,
				C975783D2B35C926006DDC8D /* User.swift */,
			);
			path = Model;
			sourceTree = "<group>";
		};
		C9B23DA62B363D4D0045A936 /* Utils */ = {
			isa = PBXGroup;
			children = (
				C9B23DA72B363D5C0045A936 /* GFError.swift */,
			);
			path = Utils;
			sourceTree = "<group>";
		};
		C9E436882B32F7950057E72B /* Screens */ = {
			isa = PBXGroup;
			children = (
				C978E0862B30D1B500553D60 /* FollowerListVC.swift */,
				C908C1482B2FC59500E6A41F /* FavoritesListVC.swift */,
				C908C1462B2FC57100E6A41F /* SearchVC.swift */,
			);
			path = Screens;
			sourceTree = "<group>";
		};
		C9E436892B32F7E10057E72B /* Custom Views */ = {
			isa = PBXGroup;
			children = (
				C9A7F1272B3214EB0006F1B7 /* GFAlertVC.swift */,
				C9A7F1252B3214580006F1B7 /* GFBodyLabel.swift */,
				C920FA1E2B309E43007F578B /* GFButton.swift */,
				C9A7F1232B3207790006F1B7 /* GFTitleLabel.swift */,
				C920FA202B30A1B7007F578B /* GFTextField.swift */,
			);
			path = "Custom Views";
			sourceTree = "<group>";
		};
		C9E4368A2B32F80F0057E72B /* Extensions */ = {
			isa = PBXGroup;
			children = (
				C9A7F1292B321B740006F1B7 /* UIViewController+Ext.swift */,
			);
			path = Extensions;
			sourceTree = "<group>";
		};
		C9E7C6AE2B35E02E00DEAD66 /* Managers */ = {
			isa = PBXGroup;
			children = (
				C9E7C6AF2B35E03B00DEAD66 /* NetworkManager.swift */,
			);
			path = Managers;
			sourceTree = "<group>";
		};
/* End PBXGroup section */

/* Begin PBXNativeTarget section */
		C908C12E2B2FC12500E6A41F /* GHFollowers */ = {
			isa = PBXNativeTarget;
			buildConfigurationList = C908C1432B2FC12700E6A41F /* Build configuration list for PBXNativeTarget "GHFollowers" */;
			buildPhases = (
				C908C12B2B2FC12500E6A41F /* Sources */,
				C908C12C2B2FC12500E6A41F /* Frameworks */,
				C908C12D2B2FC12500E6A41F /* Resources */,
			);
			buildRules = (
			);
			dependencies = (
			);
			name = GHFollowers;
			productName = GHFollowers;
			productReference = C908C12F2B2FC12500E6A41F /* GHFollowers.app */;
			productType = "com.apple.product-type.application";
		};
/* End PBXNativeTarget section */

/* Begin PBXProject section */
		C908C1272B2FC12500E6A41F /* Project object */ = {
			isa = PBXProject;
			attributes = {
				BuildIndependentTargetsInParallel = 1;
				LastSwiftUpdateCheck = 1510;
				LastUpgradeCheck = 1510;
				TargetAttributes = {
					C908C12E2B2FC12500E6A41F = {
						CreatedOnToolsVersion = 15.1;
					};
				};
			};
			buildConfigurationList = C908C12A2B2FC12500E6A41F /* Build configuration list for PBXProject "GHFollowers" */;
			compatibilityVersion = "Xcode 14.0";
			developmentRegion = en;
			hasScannedForEncodings = 0;
			knownRegions = (
				en,
				Base,
			);
			mainGroup = C908C1262B2FC12500E6A41F;
			productRefGroup = C908C1302B2FC12500E6A41F /* Products */;
			projectDirPath = "";
			projectRoot = "";
			targets = (
				C908C12E2B2FC12500E6A41F /* GHFollowers */,
			);
		};
/* End PBXProject section */

/* Begin PBXResourcesBuildPhase section */
		C908C12D2B2FC12500E6A41F /* Resources */ = {
			isa = PBXResourcesBuildPhase;
			buildActionMask = 2147483647;
			files = (
				C908C13F2B2FC12700E6A41F /* LaunchScreen.storyboard in Resources */,
				C908C13C2B2FC12700E6A41F /* Assets.xcassets in Resources */,
			);
			runOnlyForDeploymentPostprocessing = 0;
		};
/* End PBXResourcesBuildPhase section */

/* Begin PBXSourcesBuildPhase section */
		C908C12B2B2FC12500E6A41F /* Sources */ = {
			isa = PBXSourcesBuildPhase;
			buildActionMask = 2147483647;
			files = (
				C975783E2B35C926006DDC8D /* User.swift in Sources */,
				C920FA212B30A1B7007F578B /* GFTextField.swift in Sources */,
				C908C1492B2FC59500E6A41F /* FavoritesListVC.swift in Sources */,
				C9A7F12A2B321B740006F1B7 /* UIViewController+Ext.swift in Sources */,
				C920FA1F2B309E43007F578B /* GFButton.swift in Sources */,
				C908C1472B2FC57100E6A41F /* SearchVC.swift in Sources */,
				C978E0872B30D1B500553D60 /* FollowerListVC.swift in Sources */,
				C9B23DA82B363D5C0045A936 /* GFError.swift in Sources */,
				C9A7F1282B3214EB0006F1B7 /* GFAlertVC.swift in Sources */,
				C975783C2B35C85A006DDC8D /* Follower.swift in Sources */,
				C908C1332B2FC12500E6A41F /* AppDelegate.swift in Sources */,
				C9E7C6B02B35E03B00DEAD66 /* NetworkManager.swift in Sources */,
				C9A7F1242B3207790006F1B7 /* GFTitleLabel.swift in Sources */,
				C908C1352B2FC12500E6A41F /* SceneDelegate.swift in Sources */,
				C9A7F1262B3214580006F1B7 /* GFBodyLabel.swift in Sources */,
			);
			runOnlyForDeploymentPostprocessing = 0;
		};
/* End PBXSourcesBuildPhase section */

/* Begin PBXVariantGroup section */
		C908C13D2B2FC12700E6A41F /* LaunchScreen.storyboard */ = {
			isa = PBXVariantGroup;
			children = (
				C908C13E2B2FC12700E6A41F /* Base */,
			);
			name = LaunchScreen.storyboard;
			sourceTree = "<group>";
		};
/* End PBXVariantGroup section */

/* Begin XCBuildConfiguration section */
		C908C1412B2FC12700E6A41F /* Debug */ = {
			isa = XCBuildConfiguration;
			buildSettings = {
				ALWAYS_SEARCH_USER_PATHS = NO;
				ASSETCATALOG_COMPILER_GENERATE_SWIFT_ASSET_SYMBOL_EXTENSIONS = YES;
				CLANG_ANALYZER_NONNULL = YES;
				CLANG_ANALYZER_NUMBER_OBJECT_CONVERSION = YES_AGGRESSIVE;
				CLANG_CXX_LANGUAGE_STANDARD = "gnu++20";
				CLANG_ENABLE_MODULES = YES;
				CLANG_ENABLE_OBJC_ARC = YES;
				CLANG_ENABLE_OBJC_WEAK = YES;
				CLANG_WARN_BLOCK_CAPTURE_AUTORELEASING = YES;
				CLANG_WARN_BOOL_CONVERSION = YES;
				CLANG_WARN_COMMA = YES;
				CLANG_WARN_CONSTANT_CONVERSION = YES;
				CLANG_WARN_DEPRECATED_OBJC_IMPLEMENTATIONS = YES;
				CLANG_WARN_DIRECT_OBJC_ISA_USAGE = YES_ERROR;
				CLANG_WARN_DOCUMENTATION_COMMENTS = YES;
				CLANG_WARN_EMPTY_BODY = YES;
				CLANG_WARN_ENUM_CONVERSION = YES;
				CLANG_WARN_INFINITE_RECURSION = YES;
				CLANG_WARN_INT_CONVERSION = YES;
				CLANG_WARN_NON_LITERAL_NULL_CONVERSION = YES;
				CLANG_WARN_OBJC_IMPLICIT_RETAIN_SELF = YES;
				CLANG_WARN_OBJC_LITERAL_CONVERSION = YES;
				CLANG_WARN_OBJC_ROOT_CLASS = YES_ERROR;
				CLANG_WARN_QUOTED_INCLUDE_IN_FRAMEWORK_HEADER = YES;
				CLANG_WARN_RANGE_LOOP_ANALYSIS = YES;
				CLANG_WARN_STRICT_PROTOTYPES = YES;
				CLANG_WARN_SUSPICIOUS_MOVE = YES;
				CLANG_WARN_UNGUARDED_AVAILABILITY = YES_AGGRESSIVE;
				CLANG_WARN_UNREACHABLE_CODE = YES;
				CLANG_WARN__DUPLICATE_METHOD_MATCH = YES;
				COPY_PHASE_STRIP = NO;
				DEBUG_INFORMATION_FORMAT = dwarf;
				ENABLE_STRICT_OBJC_MSGSEND = YES;
				ENABLE_TESTABILITY = YES;
				ENABLE_USER_SCRIPT_SANDBOXING = YES;
				GCC_C_LANGUAGE_STANDARD = gnu17;
				GCC_DYNAMIC_NO_PIC = NO;
				GCC_NO_COMMON_BLOCKS = YES;
				GCC_OPTIMIZATION_LEVEL = 0;
				GCC_PREPROCESSOR_DEFINITIONS = (
					"DEBUG=1",
					"$(inherited)",
				);
				GCC_WARN_64_TO_32_BIT_CONVERSION = YES;
				GCC_WARN_ABOUT_RETURN_TYPE = YES_ERROR;
				GCC_WARN_UNDECLARED_SELECTOR = YES;
				GCC_WARN_UNINITIALIZED_AUTOS = YES_AGGRESSIVE;
				GCC_WARN_UNUSED_FUNCTION = YES;
				GCC_WARN_UNUSED_VARIABLE = YES;
				IPHONEOS_DEPLOYMENT_TARGET = 17.2;
				LOCALIZATION_PREFERS_STRING_CATALOGS = YES;
				MTL_ENABLE_DEBUG_INFO = INCLUDE_SOURCE;
				MTL_FAST_MATH = YES;
				ONLY_ACTIVE_ARCH = YES;
				SDKROOT = iphoneos;
				SWIFT_ACTIVE_COMPILATION_CONDITIONS = "DEBUG $(inherited)";
				SWIFT_OPTIMIZATION_LEVEL = "-Onone";
			};
			name = Debug;
		};
		C908C1422B2FC12700E6A41F /* Release */ = {
			isa = XCBuildConfiguration;
			buildSettings = {
				ALWAYS_SEARCH_USER_PATHS = NO;
				ASSETCATALOG_COMPILER_GENERATE_SWIFT_ASSET_SYMBOL_EXTENSIONS = YES;
				CLANG_ANALYZER_NONNULL = YES;
				CLANG_ANALYZER_NUMBER_OBJECT_CONVERSION = YES_AGGRESSIVE;
				CLANG_CXX_LANGUAGE_STANDARD = "gnu++20";
				CLANG_ENABLE_MODULES = YES;
				CLANG_ENABLE_OBJC_ARC = YES;
				CLANG_ENABLE_OBJC_WEAK = YES;
				CLANG_WARN_BLOCK_CAPTURE_AUTORELEASING = YES;
				CLANG_WARN_BOOL_CONVERSION = YES;
				CLANG_WARN_COMMA = YES;
				CLANG_WARN_CONSTANT_CONVERSION = YES;
				CLANG_WARN_DEPRECATED_OBJC_IMPLEMENTATIONS = YES;
				CLANG_WARN_DIRECT_OBJC_ISA_USAGE = YES_ERROR;
				CLANG_WARN_DOCUMENTATION_COMMENTS = YES;
				CLANG_WARN_EMPTY_BODY = YES;
				CLANG_WARN_ENUM_CONVERSION = YES;
				CLANG_WARN_INFINITE_RECURSION = YES;
				CLANG_WARN_INT_CONVERSION = YES;
				CLANG_WARN_NON_LITERAL_NULL_CONVERSION = YES;
				CLANG_WARN_OBJC_IMPLICIT_RETAIN_SELF = YES;
				CLANG_WARN_OBJC_LITERAL_CONVERSION = YES;
				CLANG_WARN_OBJC_ROOT_CLASS = YES_ERROR;
				CLANG_WARN_QUOTED_INCLUDE_IN_FRAMEWORK_HEADER = YES;
				CLANG_WARN_RANGE_LOOP_ANALYSIS = YES;
				CLANG_WARN_STRICT_PROTOTYPES = YES;
				CLANG_WARN_SUSPICIOUS_MOVE = YES;
				CLANG_WARN_UNGUARDED_AVAILABILITY = YES_AGGRESSIVE;
				CLANG_WARN_UNREACHABLE_CODE = YES;
				CLANG_WARN__DUPLICATE_METHOD_MATCH = YES;
				COPY_PHASE_STRIP = NO;
				DEBUG_INFORMATION_FORMAT = "dwarf-with-dsym";
				ENABLE_NS_ASSERTIONS = NO;
				ENABLE_STRICT_OBJC_MSGSEND = YES;
				ENABLE_USER_SCRIPT_SANDBOXING = YES;
				GCC_C_LANGUAGE_STANDARD = gnu17;
				GCC_NO_COMMON_BLOCKS = YES;
				GCC_WARN_64_TO_32_BIT_CONVERSION = YES;
				GCC_WARN_ABOUT_RETURN_TYPE = YES_ERROR;
				GCC_WARN_UNDECLARED_SELECTOR = YES;
				GCC_WARN_UNINITIALIZED_AUTOS = YES_AGGRESSIVE;
				GCC_WARN_UNUSED_FUNCTION = YES;
				GCC_WARN_UNUSED_VARIABLE = YES;
				IPHONEOS_DEPLOYMENT_TARGET = 17.2;
				LOCALIZATION_PREFERS_STRING_CATALOGS = YES;
				MTL_ENABLE_DEBUG_INFO = NO;
				MTL_FAST_MATH = YES;
				SDKROOT = iphoneos;
				SWIFT_COMPILATION_MODE = wholemodule;
				VALIDATE_PRODUCT = YES;
			};
			name = Release;
		};
		C908C1442B2FC12700E6A41F /* Debug */ = {
			isa = XCBuildConfiguration;
			buildSettings = {
				ASSETCATALOG_COMPILER_APPICON_NAME = AppIcon;
				ASSETCATALOG_COMPILER_GLOBAL_ACCENT_COLOR_NAME = AccentColor;
				CODE_SIGN_STYLE = Automatic;
				CURRENT_PROJECT_VERSION = 1;
				DEVELOPMENT_TEAM = 675S3VYR9X;
				GENERATE_INFOPLIST_FILE = YES;
				INFOPLIST_FILE = GHFollowers/Info.plist;
				INFOPLIST_KEY_UIApplicationSupportsIndirectInputEvents = YES;
				INFOPLIST_KEY_UILaunchStoryboardName = LaunchScreen;
				INFOPLIST_KEY_UISupportedInterfaceOrientations = UIInterfaceOrientationPortrait;
				INFOPLIST_KEY_UISupportedInterfaceOrientations_iPad = "UIInterfaceOrientationLandscapeLeft UIInterfaceOrientationLandscapeRight UIInterfaceOrientationPortrait UIInterfaceOrientationPortraitUpsideDown";
				LD_RUNPATH_SEARCH_PATHS = (
					"$(inherited)",
					"@executable_path/Frameworks",
				);
				MARKETING_VERSION = 1.0;
				PRODUCT_BUNDLE_IDENTIFIER = com.adriansomor.GHFollowers;
				PRODUCT_NAME = "$(TARGET_NAME)";
				SUPPORTED_PLATFORMS = "iphoneos iphonesimulator";
				SUPPORTS_MACCATALYST = NO;
				SUPPORTS_MAC_DESIGNED_FOR_IPHONE_IPAD = NO;
				SWIFT_EMIT_LOC_STRINGS = YES;
				SWIFT_VERSION = 5.0;
				TARGETED_DEVICE_FAMILY = 1;
			};
			name = Debug;
		};
		C908C1452B2FC12700E6A41F /* Release */ = {
			isa = XCBuildConfiguration;
			buildSettings = {
				ASSETCATALOG_COMPILER_APPICON_NAME = AppIcon;
				ASSETCATALOG_COMPILER_GLOBAL_ACCENT_COLOR_NAME = AccentColor;
				CODE_SIGN_STYLE = Automatic;
				CURRENT_PROJECT_VERSION = 1;
				DEVELOPMENT_TEAM = 675S3VYR9X;
				GENERATE_INFOPLIST_FILE = YES;
				INFOPLIST_FILE = GHFollowers/Info.plist;
				INFOPLIST_KEY_UIApplicationSupportsIndirectInputEvents = YES;
				INFOPLIST_KEY_UILaunchStoryboardName = LaunchScreen;
				INFOPLIST_KEY_UISupportedInterfaceOrientations = UIInterfaceOrientationPortrait;
				INFOPLIST_KEY_UISupportedInterfaceOrientations_iPad = "UIInterfaceOrientationLandscapeLeft UIInterfaceOrientationLandscapeRight UIInterfaceOrientationPortrait UIInterfaceOrientationPortraitUpsideDown";
				LD_RUNPATH_SEARCH_PATHS = (
					"$(inherited)",
					"@executable_path/Frameworks",
				);
				MARKETING_VERSION = 1.0;
				PRODUCT_BUNDLE_IDENTIFIER = com.adriansomor.GHFollowers;
				PRODUCT_NAME = "$(TARGET_NAME)";
				SUPPORTED_PLATFORMS = "iphoneos iphonesimulator";
				SUPPORTS_MACCATALYST = NO;
				SUPPORTS_MAC_DESIGNED_FOR_IPHONE_IPAD = NO;
				SWIFT_EMIT_LOC_STRINGS = YES;
				SWIFT_VERSION = 5.0;
				TARGETED_DEVICE_FAMILY = 1;
			};
			name = Release;
		};
/* End XCBuildConfiguration section */

/* Begin XCConfigurationList section */
		C908C12A2B2FC12500E6A41F /* Build configuration list for PBXProject "GHFollowers" */ = {
			isa = XCConfigurationList;
			buildConfigurations = (
				C908C1412B2FC12700E6A41F /* Debug */,
				C908C1422B2FC12700E6A41F /* Release */,
			);
			defaultConfigurationIsVisible = 0;
			defaultConfigurationName = Release;
		};
		C908C1432B2FC12700E6A41F /* Build configuration list for PBXNativeTarget "GHFollowers" */ = {
			isa = XCConfigurationList;
			buildConfigurations = (
				C908C1442B2FC12700E6A41F /* Debug */,
				C908C1452B2FC12700E6A41F /* Release */,
			);
			defaultConfigurationIsVisible = 0;
			defaultConfigurationName = Release;
		};
/* End XCConfigurationList section */
	};
	rootObject = C908C1272B2FC12500E6A41F /* Project object */;
}
